{
  "name": "omp-agent-extensions",
  "lockfileVersion": 3,
  "requires": true,
  "packages": {
    "": {
      "name": "omp-agent-extensions",
      "dependencies": {
        "@oh-my-pi/pi-ai": "18.1.21"
      }
    },
    "node_modules/@oh-my-pi/omptype": {
      "version": "18.1.21",
      "resolved": "https://registry.npmjs.org/@oh-my-pi/omptype/-/omptype-18.1.21.tgz",
      "integrity": "sha512-W395QWz9Be6LeZsSssf5/vX8cEVk7Ucl73tgTNBI0+KNElPfMmFXDetfd6x7mx5g9/M2Nw0gCbPM4zbZuQosXQ==",
      "license": "MIT",
      "engines": {
        "bun": ">=1.3.14",
        "node": ">=20"
      }
    },
    "node_modules/@oh-my-pi/pi-ai": {
      "version": "18.1.21",
      "resolved": "https://registry.npmjs.org/@oh-my-pi/pi-ai/-/pi-ai-18.1.21.tgz",
      "integrity": "sha512-rd7YIi0CT50uT6LPYKQGPu+P6+h7M2717kOo80jdpICiuNjVAgotvOVKLkv5w3H/cxZBkkr/KACatl6vQB1aFQ==",
      "license": "MIT",
      "dependencies": {
        "@oh-my-pi/omptype": "18.1.21",
        "@oh-my-pi/pi-catalog": "18.1.21",
        "@oh-my-pi/pi-natives": "18.1.21",
        "@oh-my-pi/pi-utils": "18.1.21",
        "@oh-my-pi/pi-wire": "18.1.21"
      },
      "engines": {
        "bun": ">=1.3.14"
      }
    },
    "node_modules/@oh-my-pi/pi-catalog": {
      "version": "18.1.21",
      "resolved": "https://registry.npmjs.org/@oh-my-pi/pi-catalog/-/pi-catalog-18.1.21.tgz",
      "integrity": "sha512-QDfwsx8wPa0No+KbbH7dUCreMIdyov0jOelxxAJ0pghLs2oDqNKc6Zyx6Tm5B4qxxoDNnaDvWrv0+ZVsSx30Wg==",
      "license": "MIT",
      "dependencies": {
        "@oh-my-pi/omptype": "18.1.21",
        "@oh-my-pi/pi-utils": "18.1.21"
      },
      "engines": {
        "bun": ">=1.3.14"
      }
    },
    "node_modules/@oh-my-pi/pi-natives": {
      "version": "18.1.21",
      "resolved": "https://registry.npmjs.org/@oh-my-pi/pi-natives/-/pi-natives-18.1.21.tgz",
      "integrity": "sha512-bqHpdFXGlPWSgF21BGW7pcKkjEwo23efmV76qTJUpf84xkbkAF7QAehn9UUXYOSQDE/QuTLiZpwNmWjN+ub6oA==",
      "license": "MIT",
      "engines": {
        "bun": ">=1.3.14"
      },
      "optionalDependencies": {
        "@oh-my-pi/pi-natives-darwin-arm64": "18.1.21",
        "@oh-my-pi/pi-natives-darwin-x64": "18.1.21",
        "@oh-my-pi/pi-natives-linux-arm64": "18.1.21",
        "@oh-my-pi/pi-natives-linux-x64": "18.1.21",
        "@oh-my-pi/pi-natives-win32-arm64": "18.1.21",
        "@oh-my-pi/pi-natives-win32-x64": "18.1.21"
      }
    },
    "node_modules/@oh-my-pi/pi-natives-darwin-arm64": {
      "version": "18.1.21",
      "resolved": "https://registry.npmjs.org/@oh-my-pi/pi-natives-darwin-arm64/-/pi-natives-darwin-arm64-18.1.21.tgz",
      "integrity": "sha512-BS2cHt/Mv/rIimOkPYcnRfTrQUglD/pdCZG1rB7hQg0Wz+BzAzDif8Ni0Um/2zx+FXxBZdnV4DY7o5Tbs1i5bw==",
      "cpu": [
        "arm64"
      ],
      "license": "MIT",
      "optional": true,
      "os": [
        "darwin"
      ],
      "engines": {
        "bun": ">=1.3.14"
      }
    },
    "node_modules/@oh-my-pi/pi-natives-darwin-x64": {
      "version": "18.1.21",
      "resolved": "https://registry.npmjs.org/@oh-my-pi/pi-natives-darwin-x64/-/pi-natives-darwin-x64-18.1.21.tgz",
      "integrity": "sha512-ZFaWWveWkl7klw5NDtIr/AHlM3ib6ARLic2JPSHcRGHtALAE87aqgOTXl405G9B/UTsPA8FFYMP8t5e572rjgw==",
      "cpu": [
        "x64"
      ],
      "license": "MIT",
      "optional": true,
      "os": [
        "darwin"
      ],
      "engines": {
        "bun": ">=1.3.14"
      }
    },
    "node_modules/@oh-my-pi/pi-natives-linux-arm64": {
      "version": "18.1.21",
      "resolved": "https://registry.npmjs.org/@oh-my-pi/pi-natives-linux-arm64/-/pi-natives-linux-arm64-18.1.21.tgz",
      "integrity": "sha512-tNmRyL9qLL7ZiF5r4jJX04jiqFsxb6/gkKxZYUxj/8YgSuA4fRviT0dZO07ZZVNCAnTtEPdWur3nDk3Ffztn0w==",
      "cpu": [
        "arm64"
      ],
      "license": "MIT",
      "optional": true,
      "os": [
        "linux"
      ],
      "engines": {
        "bun": ">=1.3.14"
      }
    },
    "node_modules/@oh-my-pi/pi-natives-linux-x64": {
      "version": "18.1.21",
      "resolved": "https://registry.npmjs.org/@oh-my-pi/pi-natives-linux-x64/-/pi-natives-linux-x64-18.1.21.tgz",
      "integrity": "sha512-rCa9+Ca5z3gdBl15xqt/lmS21moiQ+V9mng5Xj1Sa4MpPvJ3MmoXlmyj2TkQOB2y6Pj0jmn+yR276ER9i7uQuw==",
      "cpu": [
        "x64"
      ],
      "license": "MIT",
      "optional": true,
      "os": [
        "linux"
      ],
      "engines": {
        "bun": ">=1.3.14"
      }
    },
    "node_modules/@oh-my-pi/pi-natives-win32-arm64": {
      "version": "18.1.21",
      "resolved": "https://registry.npmjs.org/@oh-my-pi/pi-natives-win32-arm64/-/pi-natives-win32-arm64-18.1.21.tgz",
      "integrity": "sha512-yJlFdYYSo5TD2ip/KKMqR60VPoudRZwZAIfjWw8WpiPZdkBK/OtfjkkOCGYcgocmHlywWaSkqWujN9WSXIQiqw==",
      "cpu": [
        "arm64"
      ],
      "license": "MIT",
      "optional": true,
      "os": [
        "win32"
      ],
      "engines": {
        "bun": ">=1.3.14"
      }
    },
    "node_modules/@oh-my-pi/pi-natives-win32-x64": {
      "version": "18.1.21",
      "resolved": "https://registry.npmjs.org/@oh-my-pi/pi-natives-win32-x64/-/pi-natives-win32-x64-18.1.21.tgz",
      "integrity": "sha512-ClFZ8YMf7DhTXpyTR4tuSA10EbY9LE60UG7eVPsxwIEzjbBAJSucV/HuklMvud7+6Cif3L4bvNtzwB7OILLtDg==",
      "cpu": [
        "x64"
      ],
      "license": "MIT",
      "optional": true,
      "os": [
        "win32"
      ],
      "engines": {
        "bun": ">=1.3.14"
      }
    },
    "node_modules/@oh-my-pi/pi-utils": {
      "version": "18.1.21",
      "resolved": "https://registry.npmjs.org/@oh-my-pi/pi-utils/-/pi-utils-18.1.21.tgz",
      "integrity": "sha512-ylED4NTpdHyHBxgxvogviV3xC4XsbxAuaJynISuCBmaVw9BGH28A/uMNNdbvn6A4Cim1E+GVnOoH//9hgCi6vQ==",
      "license": "MIT",
      "dependencies": {
        "@oh-my-pi/pi-natives": "18.1.21"
      },
      "engines": {
        "bun": ">=1.3.14"
      }
    },
    "node_modules/@oh-my-pi/pi-wire": {
      "version": "18.1.21",
      "resolved": "https://registry.npmjs.org/@oh-my-pi/pi-wire/-/pi-wire-18.1.21.tgz",
      "integrity": "sha512-HQS3gykboxRVStVtBHR3twiU1y8OerdletDZjeD2VEvKfhSTt2uLynMd3+Zqzb9SEXHa1mpIj7G/gKghX7LXdw==",
      "license": "MIT",
      "engines": {
        "bun": ">=1.3.14"
      }
    }
  }
}
